{
    "name": "codeowners-slack-mentions",
    "lockfileVersion": 3,
    "packages": {
        "": {
            "engines": {"node": "18 || 20 || >=22"},
            "name": "codeowners-slack-mentions",
            "dependencies": {"minimatch": "10.2.6"}
        },
        "node_modules/balanced-match": {
            "license": "MIT",
            "integrity": "sha512-BLrgEcRTwX2o6gGxGOCNyMvGSp35YofuYzw9h1IMTRmKqttAZZVU67bdb9Pr2vUHA8+j3i2tJfjO6C6+4myGTA==",
            "engines": {"node": "18 || 20 || >=22"},
            "version": "4.0.4",
            "resolved": "https://registry.npmjs.org/balanced-match/-/balanced-match-4.0.4.tgz"
        },
        "node_modules/brace-expansion": {
            "license": "MIT",
            "integrity": "sha512-JZyDyq3D4AUifKTPOB7DELf6XsB3WdPuNxCtob1vFXPsSXhdAiHBWJ/tJ8HAc9aH84BK+5JFZLNkJKx3G9kzQg==",
            "engines": {"node": "20 || >=22"},
            "version": "5.0.8",
            "resolved": "https://registry.npmjs.org/brace-expansion/-/brace-expansion-5.0.8.tgz",
            "dependencies": {"balanced-match": "^4.0.2"}
        },
        "node_modules/minimatch": {
            "license": "BlueOak-1.0.0",
            "integrity": "sha512-vpLQEs+VLCr1nU0BXS07maYoFwlDAH0gngQuuttxIwutDFEMHq2blX+8vpgxDdK3J1PwjCJiep77OitTZ4Ll1A==",
            "funding": {"url": "https://github.com/sponsors/isaacs"},
            "engines": {"node": "18 || 20 || >=22"},
            "version": "10.2.6",
            "resolved": "https://registry.npmjs.org/minimatch/-/minimatch-10.2.6.tgz",
            "dependencies": {"brace-expansion": "^5.0.8"}
        }
    },
    "version": "1.0.0",
    "requires": true
}
